
Microsoft Visual Studio Solution File, Format Version 12.00
# Visual Studio Version 17
VisualStudioVersion = 17.2.32630.192
MinimumVisualStudioVersion = 10.0.40219.1
Project("{FAE04EC0-301F-11D3-BF4B-00C04F79EFBC}") = "TextManager", "TextManager\TextManager.csproj", "{698DFD99-8E46-437B-A0B1-18EF8AF9F4D2}"
EndProject
Global
	GlobalSection(SolutionConfigurationPlatforms) = preSolution
		Debug|Any CPU = Debug|Any CPU
		Release|Any CPU = Release|Any CPU
	EndGlobalSection
	GlobalSection(ProjectConfigurationPlatforms) = postSolution
		{698DFD99-8E46-437B-A0B1-18EF8AF9F4D2}.Debug|Any CPU.ActiveCfg = Debug|Any CPU
		{698DFD99-8E46-437B-A0B1-18EF8AF9F4D2}.Debug|Any CPU.Build.0 = Debug|Any CPU
		{698DFD99-8E46-437B-A0B1-18EF8AF9F4D2}.Release|Any CPU.ActiveCfg = Release|Any CPU
		{698DFD99-8E46-437B-A0B1-18EF8AF9F4D2}.Release|Any CPU.Build.0 = Release|Any CPU
	EndGlobalSection
	GlobalSection(SolutionProperties) = preSolution
		HideSolutionNode = FALSE
	EndGlobalSection
	GlobalSection(ExtensibilityGlobals) = postSolution
		SolutionGuid = {D6934184-BEC9-465B-8280-F709B23EE199}
	EndGlobalSection
EndGlobal
